
Microsoft Visual Studio Solution File, Format Version 12.00
# Visual Studio 15
VisualStudioVersion = 15.0.28307.168
MinimumVisualStudioVersion = 10.0.40219.1
Project("{FAE04EC0-301F-11D3-BF4B-00C04F79EFBC}") = "QuestionPaper", "QuestionPaper\QuestionPaper.csproj", "{FF11B47F-235C-40EB-882B-61F59BB0F21A}"
EndProject
Global
	GlobalSection(SolutionConfigurationPlatforms) = preSolution
		Debug|Any CPU = Debug|Any CPU
		Release|Any CPU = Release|Any CPU
	EndGlobalSection
	GlobalSection(ProjectConfigurationPlatforms) = postSolution
		{FF11B47F-235C-40EB-882B-61F59BB0F21A}.Debug|Any CPU.ActiveCfg = Debug|Any CPU
		{FF11B47F-235C-40EB-882B-61F59BB0F21A}.Debug|Any CPU.Build.0 = Debug|Any CPU
		{FF11B47F-235C-40EB-882B-61F59BB0F21A}.Release|Any CPU.ActiveCfg = Release|Any CPU
		{FF11B47F-235C-40EB-882B-61F59BB0F21A}.Release|Any CPU.Build.0 = Release|Any CPU
	EndGlobalSection
	GlobalSection(SolutionProperties) = preSolution
		HideSolutionNode = FALSE
	EndGlobalSection
	GlobalSection(ExtensibilityGlobals) = postSolution
		SolutionGuid = {572B1342-B529-4C10-BD5B-458205709A07}
	EndGlobalSection
EndGlobal
